
Microsoft Visual Studio Solution File, Format Version 12.00
# Visual Studio Version 17
VisualStudioVersion = 17.5.002.0
MinimumVisualStudioVersion = 10.0.40219.1
Project("{9A19103F-16F7-4668-BE54-9A1E7A4F7556}") = "task-41", "task-41\task-41.csproj", "{44D0B565-80D2-467D-A818-47F03699FE14}"
EndProject
Project("{9A19103F-16F7-4668-BE54-9A1E7A4F7556}") = "task-43", "task-43\task-43.csproj", "{14A4BC0F-1AF7-4B62-A6C4-0719C7EF7153}"
EndProject
Global
	GlobalSection(SolutionConfigurationPlatforms) = preSolution
		Debug|Any CPU = Debug|Any CPU
		Release|Any CPU = Release|Any CPU
	EndGlobalSection
	GlobalSection(ProjectConfigurationPlatforms) = postSolution
		{44D0B565-80D2-467D-A818-47F03699FE14}.Debug|Any CPU.ActiveCfg = Debug|Any CPU
		{44D0B565-80D2-467D-A818-47F03699FE14}.Debug|Any CPU.Build.0 = Debug|Any CPU
		{44D0B565-80D2-467D-A818-47F03699FE14}.Release|Any CPU.ActiveCfg = Release|Any CPU
		{44D0B565-80D2-467D-A818-47F03699FE14}.Release|Any CPU.Build.0 = Release|Any CPU
		{14A4BC0F-1AF7-4B62-A6C4-0719C7EF7153}.Debug|Any CPU.ActiveCfg = Debug|Any CPU
		{14A4BC0F-1AF7-4B62-A6C4-0719C7EF7153}.Debug|Any CPU.Build.0 = Debug|Any CPU
		{14A4BC0F-1AF7-4B62-A6C4-0719C7EF7153}.Release|Any CPU.ActiveCfg = Release|Any CPU
		{14A4BC0F-1AF7-4B62-A6C4-0719C7EF7153}.Release|Any CPU.Build.0 = Release|Any CPU
	EndGlobalSection
	GlobalSection(SolutionProperties) = preSolution
		HideSolutionNode = FALSE
	EndGlobalSection
	GlobalSection(ExtensibilityGlobals) = postSolution
		SolutionGuid = {E0D2DCE8-C193-4185-B520-340C73D0A8FA}
	EndGlobalSection
EndGlobal
